
Microsoft Visual Studio Solution File, Format Version 12.00
# Visual Studio Version 17
VisualStudioVersion = 17.5.002.0
MinimumVisualStudioVersion = 10.0.40219.1
Project("{2150E333-8FDC-42A3-9474-1A3956D46DE8}") = "src", "src", "{B990C199-01E5-4D70-A39F-23B96D2F3EC3}"
EndProject
Project("{9A19103F-16F7-4668-BE54-9A1E7A4F7556}") = "Bhank.Customer.Api.Tests", "src\Bhank.Customer.Api.Tests\Bhank.Customer.Api.Tests.csproj", "{4F721B39-4A93-45A7-9BDB-7C87BC094261}"
EndProject
Project("{9A19103F-16F7-4668-BE54-9A1E7A4F7556}") = "Customer", "src\Bhank.Customer.Api\Customer.csproj", "{FF29A70C-2DEA-4079-95BB-E716D026FD6F}"
EndProject
Global
	GlobalSection(SolutionConfigurationPlatforms) = preSolution
		Debug|Any CPU = Debug|Any CPU
		Release|Any CPU = Release|Any CPU
	EndGlobalSection
	GlobalSection(ProjectConfigurationPlatforms) = postSolution
		{4F721B39-4A93-45A7-9BDB-7C87BC094261}.Debug|Any CPU.ActiveCfg = Debug|Any CPU
		{4F721B39-4A93-45A7-9BDB-7C87BC094261}.Debug|Any CPU.Build.0 = Debug|Any CPU
		{4F721B39-4A93-45A7-9BDB-7C87BC094261}.Release|Any CPU.ActiveCfg = Release|Any CPU
		{4F721B39-4A93-45A7-9BDB-7C87BC094261}.Release|Any CPU.Build.0 = Release|Any CPU
		{FF29A70C-2DEA-4079-95BB-E716D026FD6F}.Debug|Any CPU.ActiveCfg = Debug|Any CPU
		{FF29A70C-2DEA-4079-95BB-E716D026FD6F}.Debug|Any CPU.Build.0 = Debug|Any CPU
		{FF29A70C-2DEA-4079-95BB-E716D026FD6F}.Release|Any CPU.ActiveCfg = Release|Any CPU
		{FF29A70C-2DEA-4079-95BB-E716D026FD6F}.Release|Any CPU.Build.0 = Release|Any CPU
	EndGlobalSection
	GlobalSection(SolutionProperties) = preSolution
		HideSolutionNode = FALSE
	EndGlobalSection
	GlobalSection(NestedProjects) = preSolution
		{4F721B39-4A93-45A7-9BDB-7C87BC094261} = {B990C199-01E5-4D70-A39F-23B96D2F3EC3}
		{FF29A70C-2DEA-4079-95BB-E716D026FD6F} = {B990C199-01E5-4D70-A39F-23B96D2F3EC3}
	EndGlobalSection
	GlobalSection(ExtensibilityGlobals) = postSolution
		SolutionGuid = {D2A028E9-0995-4659-986F-BFEDBCAE30E8}
	EndGlobalSection
EndGlobal
