
Microsoft Visual Studio Solution File, Format Version 12.00
# Visual Studio Version 17
VisualStudioVersion = 17.5.002.0
MinimumVisualStudioVersion = 10.0.40219.1
Project("{2150E333-8FDC-42A3-9474-1A3956D46DE8}") = "src", "src", "{17AF79CD-0308-49BD-B2AB-8CB220AAAC4B}"
EndProject
Project("{9A19103F-16F7-4668-BE54-9A1E7A4F7556}") = "Bhank.Customer.Api.Tests", "src\Bhank.Customer.Api.Tests\Bhank.Customer.Api.Tests.csproj", "{D4CA51AF-A016-4FB1-AB64-D929E091FB79}"
EndProject
Project("{9A19103F-16F7-4668-BE54-9A1E7A4F7556}") = "Customer", "src\Bhank.Customer.Api\Customer.csproj", "{A1EBABBC-5A82-4493-9E2F-0CA8B5DB78A7}"
EndProject
Global
	GlobalSection(SolutionConfigurationPlatforms) = preSolution
		Debug|Any CPU = Debug|Any CPU
		Release|Any CPU = Release|Any CPU
	EndGlobalSection
	GlobalSection(ProjectConfigurationPlatforms) = postSolution
		{D4CA51AF-A016-4FB1-AB64-D929E091FB79}.Debug|Any CPU.ActiveCfg = Debug|Any CPU
		{D4CA51AF-A016-4FB1-AB64-D929E091FB79}.Debug|Any CPU.Build.0 = Debug|Any CPU
		{D4CA51AF-A016-4FB1-AB64-D929E091FB79}.Release|Any CPU.ActiveCfg = Release|Any CPU
		{D4CA51AF-A016-4FB1-AB64-D929E091FB79}.Release|Any CPU.Build.0 = Release|Any CPU
		{A1EBABBC-5A82-4493-9E2F-0CA8B5DB78A7}.Debug|Any CPU.ActiveCfg = Debug|Any CPU
		{A1EBABBC-5A82-4493-9E2F-0CA8B5DB78A7}.Debug|Any CPU.Build.0 = Debug|Any CPU
		{A1EBABBC-5A82-4493-9E2F-0CA8B5DB78A7}.Release|Any CPU.ActiveCfg = Release|Any CPU
		{A1EBABBC-5A82-4493-9E2F-0CA8B5DB78A7}.Release|Any CPU.Build.0 = Release|Any CPU
	EndGlobalSection
	GlobalSection(SolutionProperties) = preSolution
		HideSolutionNode = FALSE
	EndGlobalSection
	GlobalSection(NestedProjects) = preSolution
		{D4CA51AF-A016-4FB1-AB64-D929E091FB79} = {17AF79CD-0308-49BD-B2AB-8CB220AAAC4B}
		{A1EBABBC-5A82-4493-9E2F-0CA8B5DB78A7} = {17AF79CD-0308-49BD-B2AB-8CB220AAAC4B}
	EndGlobalSection
	GlobalSection(ExtensibilityGlobals) = postSolution
		SolutionGuid = {D2A028E9-0995-4659-986F-BFEDBCAE30E8}
	EndGlobalSection
EndGlobal
